# This file is automatically @generated by Cargo.
# It is not intended for manual editing.
version = 4

[[package]]
name = "eshkol-backend"
version = "0.1.0"
dependencies = [
 "eshkol-core",
 "eshkol-frontend",
 "eshkol-runtime",
]

[[package]]
name = "eshkol-cli"
version = "0.1.0"
dependencies = [
 "eshkol-backend",
 "eshkol-frontend",
 "eshkol-runtime",
]

[[package]]
name = "eshkol-core"
version = "0.1.0"

[[package]]
name = "eshkol-frontend"
version = "0.1.0"
dependencies = [
 "eshkol-core",
 "eshkol-runtime",
]

[[package]]
name = "eshkol-runtime"
version = "0.1.0"
dependencies = [
 "eshkol-core",
]
